
Microsoft Visual Studio Solution File, Format Version 12.00
# Visual Studio Version 16
VisualStudioVersion = 16.0.29613.14
MinimumVisualStudioVersion = 10.0.40219.1
Project("{FAE04EC0-301F-11D3-BF4B-00C04F79EFBC}") = "BookIndexMaker", "BookIndexMaker\BookIndexMaker.csproj", "{1992EC4A-2283-44BD-AE63-285AF0571176}"
EndProject
Project("{FAE04EC0-301F-11D3-BF4B-00C04F79EFBC}") = "BIMCL", "BIMCL\BIMCL.csproj", "{48036092-3C21-4AC0-ACE4-C6F9809ED3D6}"
EndProject
Global
	GlobalSection(SolutionConfigurationPlatforms) = preSolution
		Debug|Any CPU = Debug|Any CPU
		Release|Any CPU = Release|Any CPU
	EndGlobalSection
	GlobalSection(ProjectConfigurationPlatforms) = postSolution
		{1992EC4A-2283-44BD-AE63-285AF0571176}.Debug|Any CPU.ActiveCfg = Debug|Any CPU
		{1992EC4A-2283-44BD-AE63-285AF0571176}.Debug|Any CPU.Build.0 = Debug|Any CPU
		{1992EC4A-2283-44BD-AE63-285AF0571176}.Release|Any CPU.ActiveCfg = Release|Any CPU
		{1992EC4A-2283-44BD-AE63-285AF0571176}.Release|Any CPU.Build.0 = Release|Any CPU
		{48036092-3C21-4AC0-ACE4-C6F9809ED3D6}.Debug|Any CPU.ActiveCfg = Debug|Any CPU
		{48036092-3C21-4AC0-ACE4-C6F9809ED3D6}.Debug|Any CPU.Build.0 = Debug|Any CPU
		{48036092-3C21-4AC0-ACE4-C6F9809ED3D6}.Release|Any CPU.ActiveCfg = Release|Any CPU
		{48036092-3C21-4AC0-ACE4-C6F9809ED3D6}.Release|Any CPU.Build.0 = Release|Any CPU
	EndGlobalSection
	GlobalSection(SolutionProperties) = preSolution
		HideSolutionNode = FALSE
	EndGlobalSection
	GlobalSection(ExtensibilityGlobals) = postSolution
		SolutionGuid = {6F6DF1A4-812B-46A6-BDE3-BE96499AC2BC}
	EndGlobalSection
EndGlobal
